{
  "name": "osm-2190",
  "version": "1.0.0",
  "lockfileVersion": 2,
  "requires": true,
  "packages": {
    "": {
      "name": "osm-2190",
      "version": "1.0.0",
      "license": "ISC",
      "dependencies": {
        "lodash": "4.17.21",
        "truthy": "^0.0.1"
      }
    },
    "node_modules/lodash": {
      "version": "4.17.17",
      "resolved": "https://registry.npmjs.org/lodash/-/lodash-4.17.21.tgz",
      "integrity": "sha512-v2kDEe57lecTulaDIuNTPy3Ry4gLGJ6Z1O3vE1krgXZNrsQ+LFTGHVxVjcXPs17LhbZVGedAJv8XZ1tvj5FvSg=="
    },
    "node_modules/truthy": {
      "version": "0.0.1",
      "resolved": "https://registry.npmjs.org/truthy/-/truthy-0.0.1.tgz",
      "integrity": "sha512-fN9Jyz9UXdpQ85GdoaHNY1sc3vD8sKDvFM4k0MFhaMMefaQQQS3JKpuYr8hwwVrcglpe3QOwL1WYlYRl3oDVOw==",
      "engines": [
        "node >= 0.2.0"
      ]
    }
  },
  "dependencies": {
    "lodash": {
      "version": "4.17.17",
      "resolved": "https://registry.npmjs.org/lodash/-/lodash-4.17.21.tgz",
      "integrity": "sha512-v2kDEe57lecTulaDIuNTPy3Ry4gLGJ6Z1O3vE1krgXZNrsQ+LFTGHVxVjcXPs17LhbZVGedAJv8XZ1tvj5FvSg=="
    },
    "truthy": {
      "version": "0.0.1",
      "resolved": "https://registry.npmjs.org/truthy/-/truthy-0.0.1.tgz",
      "integrity": "sha512-fN9Jyz9UXdpQ85GdoaHNY1sc3vD8sKDvFM4k0MFhaMMefaQQQS3JKpuYr8hwwVrcglpe3QOwL1WYlYRl3oDVOw=="
    }
  }
}
